
Microsoft Visual Studio Solution File, Format Version 12.00
# Visual Studio Version 17
VisualStudioVersion = 17.8.34511.84
MinimumVisualStudioVersion = 10.0.40219.1
Project("{FAE04EC0-301F-11D3-BF4B-00C04F79EFBC}") = "Exercice02Fib.Core", "Exercice02Fib.Core\Exercice02Fib.Core.csproj", "{A6B67CCB-6E40-47EE-8216-5DEFBC069325}"
EndProject
Project("{FAE04EC0-301F-11D3-BF4B-00C04F79EFBC}") = "Exercice02Fib.Tests", "Exercice02Fib.Tests\Exercice02Fib.Tests.csproj", "{0E1E246E-FD89-4249-B561-107D07306241}"
EndProject
Global
	GlobalSection(SolutionConfigurationPlatforms) = preSolution
		Debug|Any CPU = Debug|Any CPU
		Release|Any CPU = Release|Any CPU
	EndGlobalSection
	GlobalSection(ProjectConfigurationPlatforms) = postSolution
		{A6B67CCB-6E40-47EE-8216-5DEFBC069325}.Debug|Any CPU.ActiveCfg = Debug|Any CPU
		{A6B67CCB-6E40-47EE-8216-5DEFBC069325}.Debug|Any CPU.Build.0 = Debug|Any CPU
		{A6B67CCB-6E40-47EE-8216-5DEFBC069325}.Release|Any CPU.ActiveCfg = Release|Any CPU
		{A6B67CCB-6E40-47EE-8216-5DEFBC069325}.Release|Any CPU.Build.0 = Release|Any CPU
		{0E1E246E-FD89-4249-B561-107D07306241}.Debug|Any CPU.ActiveCfg = Debug|Any CPU
		{0E1E246E-FD89-4249-B561-107D07306241}.Debug|Any CPU.Build.0 = Debug|Any CPU
		{0E1E246E-FD89-4249-B561-107D07306241}.Release|Any CPU.ActiveCfg = Release|Any CPU
		{0E1E246E-FD89-4249-B561-107D07306241}.Release|Any CPU.Build.0 = Release|Any CPU
	EndGlobalSection
	GlobalSection(SolutionProperties) = preSolution
		HideSolutionNode = FALSE
	EndGlobalSection
	GlobalSection(ExtensibilityGlobals) = postSolution
		SolutionGuid = {835DA130-90D7-46F8-8C2A-BD7D32467660}
	EndGlobalSection
EndGlobal
